
Microsoft Visual Studio Solution File, Format Version 12.00
# Visual Studio Version 16
VisualStudioVersion = 16.0.31005.135
MinimumVisualStudioVersion = 10.0.40219.1
Project("{FAE04EC0-301F-11D3-BF4B-00C04F79EFBC}") = "SeniorProj", "SeniorProj.csproj", "{2ADD912C-CE16-4E7B-965A-F3895ABB15B2}"
EndProject
Global
	GlobalSection(SolutionConfigurationPlatforms) = preSolution
		Debug|Any CPU = Debug|Any CPU
		Release|Any CPU = Release|Any CPU
	EndGlobalSection
	GlobalSection(ProjectConfigurationPlatforms) = postSolution
		{2ADD912C-CE16-4E7B-965A-F3895ABB15B2}.Debug|Any CPU.ActiveCfg = Debug|Any CPU
		{2ADD912C-CE16-4E7B-965A-F3895ABB15B2}.Debug|Any CPU.Build.0 = Debug|Any CPU
		{2ADD912C-CE16-4E7B-965A-F3895ABB15B2}.Release|Any CPU.ActiveCfg = Release|Any CPU
		{2ADD912C-CE16-4E7B-965A-F3895ABB15B2}.Release|Any CPU.Build.0 = Release|Any CPU
	EndGlobalSection
	GlobalSection(SolutionProperties) = preSolution
		HideSolutionNode = FALSE
	EndGlobalSection
	GlobalSection(ExtensibilityGlobals) = postSolution
		SolutionGuid = {D007A40A-46D6-4ABC-B344-38FAA3D3ED3F}
	EndGlobalSection
EndGlobal
